
Microsoft Visual Studio Solution File, Format Version 12.00
# Visual Studio Version 17
VisualStudioVersion = 17.8.34330.188
MinimumVisualStudioVersion = 10.0.40219.1
Project("{FAE04EC0-301F-11D3-BF4B-00C04F79EFBC}") = "PetShop_API", "PetShop_API\PetShop_API.csproj", "{1FD948B3-8E5B-4A64-989B-F8BD0AE65C78}"
EndProject
Global
	GlobalSection(SolutionConfigurationPlatforms) = preSolution
		Debug|Any CPU = Debug|Any CPU
		Release|Any CPU = Release|Any CPU
	EndGlobalSection
	GlobalSection(ProjectConfigurationPlatforms) = postSolution
		{1FD948B3-8E5B-4A64-989B-F8BD0AE65C78}.Debug|Any CPU.ActiveCfg = Debug|Any CPU
		{1FD948B3-8E5B-4A64-989B-F8BD0AE65C78}.Debug|Any CPU.Build.0 = Debug|Any CPU
		{1FD948B3-8E5B-4A64-989B-F8BD0AE65C78}.Release|Any CPU.ActiveCfg = Release|Any CPU
		{1FD948B3-8E5B-4A64-989B-F8BD0AE65C78}.Release|Any CPU.Build.0 = Release|Any CPU
	EndGlobalSection
	GlobalSection(SolutionProperties) = preSolution
		HideSolutionNode = FALSE
	EndGlobalSection
	GlobalSection(ExtensibilityGlobals) = postSolution
		SolutionGuid = {AAFFC69C-0750-4CC1-BE9E-DFB1CFBA796D}
	EndGlobalSection
EndGlobal
